// !$*UTF8*$!
{
	archiveVersion = 1;
	classes = {
	};
	objectVersion = 51;
	objects = {

/* Begin PBXBuildFile section */
		37653E4424C978C600A966F5 /* AppDelegate.swift in Sources */ = {isa = PBXBuildFile; fileRef = 37653E4324C978C600A966F5 /* AppDelegate.swift */; };
		37653E4624C978C600A966F5 /* SceneDelegate.swift in Sources */ = {isa = PBXBuildFile; fileRef = 37653E4524C978C600A966F5 /* SceneDelegate.swift */; };
		37653E4824C978C600A966F5 /* ViewController.swift in Sources */ = {isa = PBXBuildFile; fileRef = 37653E4724C978C600A966F5 /* ViewController.swift */; };
		37653E4B24C978C600A966F5 /* Main.storyboard in Resources */ = {isa = PBXBuildFile; fileRef = 37653E4924C978C600A966F5 /* Main.storyboard */; };
		37653E4D24C978C800A966F5 /* Assets.xcassets in Resources */ = {isa = PBXBuildFile; fileRef = 37653E4C24C978C800A966F5 /* Assets.xcassets */; };
		37653E5024C978C800A966F5 /* LaunchScreen.storyboard in Resources */ = {isa = PBXBuildFile; fileRef = 37653E4E24C978C800A966F5 /* LaunchScreen.storyboard */; };
		37B8AD6F24CD98000011B11F /* LoginViewController.swift in Sources */ = {isa = PBXBuildFile; fileRef = 37B8AD6E24CD98000011B11F /* LoginViewController.swift */; };
		37B8AD7324CDE68A0011B11F /* CartViewController.swift in Sources */ = {isa = PBXBuildFile; fileRef = 37B8AD7224CDE68A0011B11F /* CartViewController.swift */; };
		37B8AD7724CDE76E0011B11F /* SarchViewController.swift in Sources */ = {isa = PBXBuildFile; fileRef = 37B8AD7624CDE76E0011B11F /* SarchViewController.swift */; };
		37B8AD7924CDE7DE0011B11F /* TabBarController.swift in Sources */ = {isa = PBXBuildFile; fileRef = 37B8AD7824CDE7DE0011B11F /* TabBarController.swift */; };
		37B8AD7B24CE02D80011B11F /* accountViewController.swift in Sources */ = {isa = PBXBuildFile; fileRef = 37B8AD7A24CE02D80011B11F /* accountViewController.swift */; };
		37B8AD7D24CE02F20011B11F /* ImageViewController.swift in Sources */ = {isa = PBXBuildFile; fileRef = 37B8AD7C24CE02F20011B11F /* ImageViewController.swift */; };
		F848B9264B7BCB203ECA02CA /* Pods_AntiqueApp.framework in Frameworks */ = {isa = PBXBuildFile; fileRef = C543063144DDB7B9238FC881 /* Pods_AntiqueApp.framework */; };
/* End PBXBuildFile section */

/* Begin PBXFileReference section */
		37653E4024C978C600A966F5 /* AntiqueApp.app */ = {isa = PBXFileReference; explicitFileType = wrapper.application; includeInIndex = 0; path = AntiqueApp.app; sourceTree = BUILT_PRODUCTS_DIR; };
		37653E4324C978C600A966F5 /* AppDelegate.swift */ = {isa = PBXFileReference; lastKnownFileType = sourcecode.swift; path = AppDelegate.swift; sourceTree = "<group>"; };
		37653E4524C978C600A966F5 /* SceneDelegate.swift */ = {isa = PBXFileReference; lastKnownFileType = sourcecode.swift; path = SceneDelegate.swift; sourceTree = "<group>"; };
		37653E4724C978C600A966F5 /* ViewController.swift */ = {isa = PBXFileReference; lastKnownFileType = sourcecode.swift; path = ViewController.swift; sourceTree = "<group>"; };
		37653E4A24C978C600A966F5 /* Base */ = {isa = PBXFileReference; lastKnownFileType = file.storyboard; name = Base; path = Base.lproj/Main.storyboard; sourceTree = "<group>"; };
		37653E4C24C978C800A966F5 /* Assets.xcassets */ = {isa = PBXFileReference; lastKnownFileType = folder.assetcatalog; path = Assets.xcassets; sourceTree = "<group>"; };
		37653E4F24C978C800A966F5 /* Base */ = {isa = PBXFileReference; lastKnownFileType = file.storyboard; name = Base; path = Base.lproj/LaunchScreen.storyboard; sourceTree = "<group>"; };
		37653E5124C978C800A966F5 /* Info.plist */ = {isa = PBXFileReference; lastKnownFileType = text.plist.xml; path = Info.plist; sourceTree = "<group>"; };
		37B8AD6E24CD98000011B11F /* LoginViewController.swift */ = {isa = PBXFileReference; lastKnownFileType = sourcecode.swift; path = LoginViewController.swift; sourceTree = "<group>"; };
		37B8AD7224CDE68A0011B11F /* CartViewController.swift */ = {isa = PBXFileReference; lastKnownFileType = sourcecode.swift; path = CartViewController.swift; sourceTree = "<group>"; };
		37B8AD7624CDE76E0011B11F /* SarchViewController.swift */ = {isa = PBXFileReference; lastKnownFileType = sourcecode.swift; path = SarchViewController.swift; sourceTree = "<group>"; };
		37B8AD7824CDE7DE0011B11F /* TabBarController.swift */ = {isa = PBXFileReference; lastKnownFileType = sourcecode.swift; path = TabBarController.swift; sourceTree = "<group>"; };
		37B8AD7A24CE02D80011B11F /* accountViewController.swift */ = {isa = PBXFileReference; lastKnownFileType = sourcecode.swift; path = accountViewController.swift; sourceTree = "<group>"; };
		37B8AD7C24CE02F20011B11F /* ImageViewController.swift */ = {isa = PBXFileReference; lastKnownFileType = sourcecode.swift; path = ImageViewController.swift; sourceTree = "<group>"; };
		7B97B52AC51BE0FD7E6C48E8 /* Pods-AntiqueApp.debug.xcconfig */ = {isa = PBXFileReference; includeInIndex = 1; lastKnownFileType = text.xcconfig; name = "Pods-AntiqueApp.debug.xcconfig"; path = "Target Support Files/Pods-AntiqueApp/Pods-AntiqueApp.debug.xcconfig"; sourceTree = "<group>"; };
		A04778EAE31101AE4D82B7F0 /* Pods-AntiqueApp.release.xcconfig */ = {isa = PBXFileReference; includeInIndex = 1; lastKnownFileType = text.xcconfig; name = "Pods-AntiqueApp.release.xcconfig"; path = "Target Support Files/Pods-AntiqueApp/Pods-AntiqueApp.release.xcconfig"; sourceTree = "<group>"; };
		C543063144DDB7B9238FC881 /* Pods_AntiqueApp.framework */ = {isa = PBXFileReference; explicitFileType = wrapper.framework; includeInIndex = 0; path = Pods_AntiqueApp.framework; sourceTree = BUILT_PRODUCTS_DIR; };
/* End PBXFileReference section */

/* Begin PBXFrameworksBuildPhase section */
		37653E3D24C978C600A966F5 /* Frameworks */ = {
			isa = PBXFrameworksBuildPhase;
			buildActionMask = 2147483647;
			files = (
				F848B9264B7BCB203ECA02CA /* Pods_AntiqueApp.framework in Frameworks */,
			);
			runOnlyForDeploymentPostprocessing = 0;
		};
/* End PBXFrameworksBuildPhase section */

/* Begin PBXGroup section */
		245D665D62283658E740F8BE /* Frameworks */ = {
			isa = PBXGroup;
			children = (
				C543063144DDB7B9238FC881 /* Pods_AntiqueApp.framework */,
			);
			name = Frameworks;
			sourceTree = "<group>";
		};
		37653E3724C978C600A966F5 = {
			isa = PBXGroup;
			children = (
				37653E4224C978C600A966F5 /* AntiqueApp */,
				37653E4124C978C600A966F5 /* Products */,
				BDCA20D3F22AFC816AF10AA4 /* Pods */,
				245D665D62283658E740F8BE /* Frameworks */,
			);
			sourceTree = "<group>";
		};
		37653E4124C978C600A966F5 /* Products */ = {
			isa = PBXGroup;
			children = (
				37653E4024C978C600A966F5 /* AntiqueApp.app */,
			);
			name = Products;
			sourceTree = "<group>";
		};
		37653E4224C978C600A966F5 /* AntiqueApp */ = {
			isa = PBXGroup;
			children = (
				37653E4324C978C600A966F5 /* AppDelegate.swift */,
				37653E4524C978C600A966F5 /* SceneDelegate.swift */,
				37653E4724C978C600A966F5 /* ViewController.swift */,
				37653E4924C978C600A966F5 /* Main.storyboard */,
				37B8AD7C24CE02F20011B11F /* ImageViewController.swift */,
				37B8AD7624CDE76E0011B11F /* SarchViewController.swift */,
				37B8AD7824CDE7DE0011B11F /* TabBarController.swift */,
				37B8AD6E24CD98000011B11F /* LoginViewController.swift */,
				37B8AD7A24CE02D80011B11F /* accountViewController.swift */,
				37653E4C24C978C800A966F5 /* Assets.xcassets */,
				37653E4E24C978C800A966F5 /* LaunchScreen.storyboard */,
				37B8AD7224CDE68A0011B11F /* CartViewController.swift */,
				37653E5124C978C800A966F5 /* Info.plist */,
			);
			path = AntiqueApp;
			sourceTree = "<group>";
		};
		BDCA20D3F22AFC816AF10AA4 /* Pods */ = {
			isa = PBXGroup;
			children = (
				7B97B52AC51BE0FD7E6C48E8 /* Pods-AntiqueApp.debug.xcconfig */,
				A04778EAE31101AE4D82B7F0 /* Pods-AntiqueApp.release.xcconfig */,
			);
			path = Pods;
			sourceTree = "<group>";
		};
/* End PBXGroup section */

/* Begin PBXNativeTarget section */
		37653E3F24C978C600A966F5 /* AntiqueApp */ = {
			isa = PBXNativeTarget;
			buildConfigurationList = 37653E5424C978C800A966F5 /* Build configuration list for PBXNativeTarget "AntiqueApp" */;
			buildPhases = (
				138A7EC3B04363683B32C623 /* [CP] Check Pods Manifest.lock */,
				37653E3C24C978C600A966F5 /* Sources */,
				37653E3D24C978C600A966F5 /* Frameworks */,
				37653E3E24C978C600A966F5 /* Resources */,
				6F70A16996754AE5D1071334 /* [CP] Embed Pods Frameworks */,
			);
			buildRules = (
			);
			dependencies = (
			);
			name = AntiqueApp;
			productName = AntiqueApp;
			productReference = 37653E4024C978C600A966F5 /* AntiqueApp.app */;
			productType = "com.apple.product-type.application";
		};
/* End PBXNativeTarget section */

/* Begin PBXProject section */
		37653E3824C978C600A966F5 /* Project object */ = {
			isa = PBXProject;
			attributes = {
				LastSwiftUpdateCheck = 1160;
				LastUpgradeCheck = 1160;
				ORGANIZATIONNAME = renta.Maeda;
				TargetAttributes = {
					37653E3F24C978C600A966F5 = {
						CreatedOnToolsVersion = 11.6;
					};
				};
			};
			buildConfigurationList = 37653E3B24C978C600A966F5 /* Build configuration list for PBXProject "AntiqueApp" */;
			compatibilityVersion = "Xcode 9.3";
			developmentRegion = en;
			hasScannedForEncodings = 0;
			knownRegions = (
				en,
				Base,
			);
			mainGroup = 37653E3724C978C600A966F5;
			productRefGroup = 37653E4124C978C600A966F5 /* Products */;
			projectDirPath = "";
			projectRoot = "";
			targets = (
				37653E3F24C978C600A966F5 /* AntiqueApp */,
			);
		};
/* End PBXProject section */

/* Begin PBXResourcesBuildPhase section */
		37653E3E24C978C600A966F5 /* Resources */ = {
			isa = PBXResourcesBuildPhase;
			buildActionMask = 2147483647;
			files = (
				37653E5024C978C800A966F5 /* LaunchScreen.storyboard in Resources */,
				37653E4D24C978C800A966F5 /* Assets.xcassets in Resources */,
				37653E4B24C978C600A966F5 /* Main.storyboard in Resources */,
			);
			runOnlyForDeploymentPostprocessing = 0;
		};
/* End PBXResourcesBuildPhase section */

/* Begin PBXShellScriptBuildPhase section */
		138A7EC3B04363683B32C623 /* [CP] Check Pods Manifest.lock */ = {
			isa = PBXShellScriptBuildPhase;
			buildActionMask = 2147483647;
			files = (
			);
			inputFileListPaths = (
			);
			inputPaths = (
				"${PODS_PODFILE_DIR_PATH}/Podfile.lock",
				"${PODS_ROOT}/Manifest.lock",
			);
			name = "[CP] Check Pods Manifest.lock";
			outputFileListPaths = (
			);
			outputPaths = (
				"$(DERIVED_FILE_DIR)/Pods-AntiqueApp-checkManifestLockResult.txt",
			);
			runOnlyForDeploymentPostprocessing = 0;
			shellPath = /bin/sh;
			shellScript = "diff \"${PODS_PODFILE_DIR_PATH}/Podfile.lock\" \"${PODS_ROOT}/Manifest.lock\" > /dev/null\nif [ $? != 0 ] ; then\n    # print error to STDERR\n    echo \"error: The sandbox is not in sync with the Podfile.lock. Run 'pod install' or update your CocoaPods installation.\" >&2\n    exit 1\nfi\n# This output is used by Xcode 'outputs' to avoid re-running this script phase.\necho \"SUCCESS\" > \"${SCRIPT_OUTPUT_FILE_0}\"\n";
			showEnvVarsInLog = 0;
		};
		6F70A16996754AE5D1071334 /* [CP] Embed Pods Frameworks */ = {
			isa = PBXShellScriptBuildPhase;
			buildActionMask = 2147483647;
			files = (
			);
			inputFileListPaths = (
				"${PODS_ROOT}/Target Support Files/Pods-AntiqueApp/Pods-AntiqueApp-frameworks-${CONFIGURATION}-input-files.xcfilelist",
			);
			name = "[CP] Embed Pods Frameworks";
			outputFileListPaths = (
				"${PODS_ROOT}/Target Support Files/Pods-AntiqueApp/Pods-AntiqueApp-frameworks-${CONFIGURATION}-output-files.xcfilelist",
			);
			runOnlyForDeploymentPostprocessing = 0;
			shellPath = /bin/sh;
			shellScript = "\"${PODS_ROOT}/Target Support Files/Pods-AntiqueApp/Pods-AntiqueApp-frameworks.sh\"\n";
			showEnvVarsInLog = 0;
		};
/* End PBXShellScriptBuildPhase section */

/* Begin PBXSourcesBuildPhase section */
		37653E3C24C978C600A966F5 /* Sources */ = {
			isa = PBXSourcesBuildPhase;
			buildActionMask = 2147483647;
			files = (
				37B8AD6F24CD98000011B11F /* LoginViewController.swift in Sources */,
				37B8AD7D24CE02F20011B11F /* ImageViewController.swift in Sources */,
				37653E4824C978C600A966F5 /* ViewController.swift in Sources */,
				37B8AD7B24CE02D80011B11F /* accountViewController.swift in Sources */,
				37B8AD7724CDE76E0011B11F /* SarchViewController.swift in Sources */,
				37653E4424C978C600A966F5 /* AppDelegate.swift in Sources */,
				37B8AD7924CDE7DE0011B11F /* TabBarController.swift in Sources */,
				37B8AD7324CDE68A0011B11F /* CartViewController.swift in Sources */,
				37653E4624C978C600A966F5 /* SceneDelegate.swift in Sources */,
			);
			runOnlyForDeploymentPostprocessing = 0;
		};
/* End PBXSourcesBuildPhase section */

/* Begin PBXVariantGroup section */
		37653E4924C978C600A966F5 /* Main.storyboard */ = {
			isa = PBXVariantGroup;
			children = (
				37653E4A24C978C600A966F5 /* Base */,
			);
			name = Main.storyboard;
			sourceTree = "<group>";
		};
		37653E4E24C978C800A966F5 /* LaunchScreen.storyboard */ = {
			isa = PBXVariantGroup;
			children = (
				37653E4F24C978C800A966F5 /* Base */,
			);
			name = LaunchScreen.storyboard;
			sourceTree = "<group>";
		};
/* End PBXVariantGroup section */

/* Begin XCBuildConfiguration section */
		37653E5224C978C800A966F5 /* Debug */ = {
			isa = XCBuildConfiguration;
			buildSettings = {
				ALWAYS_SEARCH_USER_PATHS = NO;
				CLANG_ANALYZER_NONNULL = YES;
				CLANG_ANALYZER_NUMBER_OBJECT_CONVERSION = YES_AGGRESSIVE;
				CLANG_CXX_LANGUAGE_STANDARD = "gnu++14";
				CLANG_CXX_LIBRARY = "libc++";
				CLANG_ENABLE_MODULES = YES;
				CLANG_ENABLE_OBJC_ARC = YES;
				CLANG_ENABLE_OBJC_WEAK = YES;
				CLANG_WARN_BLOCK_CAPTURE_AUTORELEASING = YES;
				CLANG_WARN_BOOL_CONVERSION = YES;
				CLANG_WARN_COMMA = YES;
				CLANG_WARN_CONSTANT_CONVERSION = YES;
				CLANG_WARN_DEPRECATED_OBJC_IMPLEMENTATIONS = YES;
				CLANG_WARN_DIRECT_OBJC_ISA_USAGE = YES_ERROR;
				CLANG_WARN_DOCUMENTATION_COMMENTS = YES;
				CLANG_WARN_EMPTY_BODY = YES;
				CLANG_WARN_ENUM_CONVERSION = YES;
				CLANG_WARN_INFINITE_RECURSION = YES;
				CLANG_WARN_INT_CONVERSION = YES;
				CLANG_WARN_NON_LITERAL_NULL_CONVERSION = YES;
				CLANG_WARN_OBJC_IMPLICIT_RETAIN_SELF = YES;
				CLANG_WARN_OBJC_LITERAL_CONVERSION = YES;
				CLANG_WARN_OBJC_ROOT_CLASS = YES_ERROR;
				CLANG_WARN_RANGE_LOOP_ANALYSIS = YES;
				CLANG_WARN_STRICT_PROTOTYPES = YES;
				CLANG_WARN_SUSPICIOUS_MOVE = YES;
				CLANG_WARN_UNGUARDED_AVAILABILITY = YES_AGGRESSIVE;
				CLANG_WARN_UNREACHABLE_CODE = YES;
				CLANG_WARN__DUPLICATE_METHOD_MATCH = YES;
				COPY_PHASE_STRIP = NO;
				DEBUG_INFORMATION_FORMAT = dwarf;
				ENABLE_STRICT_OBJC_MSGSEND = YES;
				ENABLE_TESTABILITY = YES;
				GCC_C_LANGUAGE_STANDARD = gnu11;
				GCC_DYNAMIC_NO_PIC = NO;
				GCC_NO_COMMON_BLOCKS = YES;
				GCC_OPTIMIZATION_LEVEL = 0;
				GCC_PREPROCESSOR_DEFINITIONS = (
					"DEBUG=1",
					"$(inherited)",
				);
				GCC_WARN_64_TO_32_BIT_CONVERSION = YES;
				GCC_WARN_ABOUT_RETURN_TYPE = YES_ERROR;
				GCC_WARN_UNDECLARED_SELECTOR = YES;
				GCC_WARN_UNINITIALIZED_AUTOS = YES_AGGRESSIVE;
				GCC_WARN_UNUSED_FUNCTION = YES;
				GCC_WARN_UNUSED_VARIABLE = YES;
				IPHONEOS_DEPLOYMENT_TARGET = 13.6;
				MTL_ENABLE_DEBUG_INFO = INCLUDE_SOURCE;
				MTL_FAST_MATH = YES;
				ONLY_ACTIVE_ARCH = YES;
				SDKROOT = iphoneos;
				SWIFT_ACTIVE_COMPILATION_CONDITIONS = DEBUG;
				SWIFT_OPTIMIZATION_LEVEL = "-Onone";
			};
			name = Debug;
		};
		37653E5324C978C800A966F5 /* Release */ = {
			isa = XCBuildConfiguration;
			buildSettings = {
				ALWAYS_SEARCH_USER_PATHS = NO;
				CLANG_ANALYZER_NONNULL = YES;
				CLANG_ANALYZER_NUMBER_OBJECT_CONVERSION = YES_AGGRESSIVE;
				CLANG_CXX_LANGUAGE_STANDARD = "gnu++14";
				CLANG_CXX_LIBRARY = "libc++";
				CLANG_ENABLE_MODULES = YES;
				CLANG_ENABLE_OBJC_ARC = YES;
				CLANG_ENABLE_OBJC_WEAK = YES;
				CLANG_WARN_BLOCK_CAPTURE_AUTORELEASING = YES;
				CLANG_WARN_BOOL_CONVERSION = YES;
				CLANG_WARN_COMMA = YES;
				CLANG_WARN_CONSTANT_CONVERSION = YES;
				CLANG_WARN_DEPRECATED_OBJC_IMPLEMENTATIONS = YES;
				CLANG_WARN_DIRECT_OBJC_ISA_USAGE = YES_ERROR;
				CLANG_WARN_DOCUMENTATION_COMMENTS = YES;
				CLANG_WARN_EMPTY_BODY = YES;
				CLANG_WARN_ENUM_CONVERSION = YES;
				CLANG_WARN_INFINITE_RECURSION = YES;
				CLANG_WARN_INT_CONVERSION = YES;
				CLANG_WARN_NON_LITERAL_NULL_CONVERSION = YES;
				CLANG_WARN_OBJC_IMPLICIT_RETAIN_SELF = YES;
				CLANG_WARN_OBJC_LITERAL_CONVERSION = YES;
				CLANG_WARN_OBJC_ROOT_CLASS = YES_ERROR;
				CLANG_WARN_RANGE_LOOP_ANALYSIS = YES;
				CLANG_WARN_STRICT_PROTOTYPES = YES;
				CLANG_WARN_SUSPICIOUS_MOVE = YES;
				CLANG_WARN_UNGUARDED_AVAILABILITY = YES_AGGRESSIVE;
				CLANG_WARN_UNREACHABLE_CODE = YES;
				CLANG_WARN__DUPLICATE_METHOD_MATCH = YES;
				COPY_PHASE_STRIP = NO;
				DEBUG_INFORMATION_FORMAT = "dwarf-with-dsym";
				ENABLE_NS_ASSERTIONS = NO;
				ENABLE_STRICT_OBJC_MSGSEND = YES;
				GCC_C_LANGUAGE_STANDARD = gnu11;
				GCC_NO_COMMON_BLOCKS = YES;
				GCC_WARN_64_TO_32_BIT_CONVERSION = YES;
				GCC_WARN_ABOUT_RETURN_TYPE = YES_ERROR;
				GCC_WARN_UNDECLARED_SELECTOR = YES;
				GCC_WARN_UNINITIALIZED_AUTOS = YES_AGGRESSIVE;
				GCC_WARN_UNUSED_FUNCTION = YES;
				GCC_WARN_UNUSED_VARIABLE = YES;
				IPHONEOS_DEPLOYMENT_TARGET = 13.6;
				MTL_ENABLE_DEBUG_INFO = NO;
				MTL_FAST_MATH = YES;
				SDKROOT = iphoneos;
				SWIFT_COMPILATION_MODE = wholemodule;
				SWIFT_OPTIMIZATION_LEVEL = "-O";
				VALIDATE_PRODUCT = YES;
			};
			name = Release;
		};
		37653E5524C978C800A966F5 /* Debug */ = {
			isa = XCBuildConfiguration;
			baseConfigurationReference = 7B97B52AC51BE0FD7E6C48E8 /* Pods-AntiqueApp.debug.xcconfig */;
			buildSettings = {
				ASSETCATALOG_COMPILER_APPICON_NAME = AppIcon;
				CODE_SIGN_STYLE = Automatic;
				DEVELOPMENT_TEAM = 745PYH75K2;
				INFOPLIST_FILE = AntiqueApp/Info.plist;
				LD_RUNPATH_SEARCH_PATHS = (
					"$(inherited)",
					"@executable_path/Frameworks",
				);
				PRODUCT_BUNDLE_IDENTIFIER = jp.renta.Maeda.AntiqueApp;
				PRODUCT_NAME = "$(TARGET_NAME)";
				SWIFT_VERSION = 5.0;
				TARGETED_DEVICE_FAMILY = "1,2";
			};
			name = Debug;
		};
		37653E5624C978C800A966F5 /* Release */ = {
			isa = XCBuildConfiguration;
			baseConfigurationReference = A04778EAE31101AE4D82B7F0 /* Pods-AntiqueApp.release.xcconfig */;
			buildSettings = {
				ASSETCATALOG_COMPILER_APPICON_NAME = AppIcon;
				CODE_SIGN_STYLE = Automatic;
				DEVELOPMENT_TEAM = 745PYH75K2;
				INFOPLIST_FILE = AntiqueApp/Info.plist;
				LD_RUNPATH_SEARCH_PATHS = (
					"$(inherited)",
					"@executable_path/Frameworks",
				);
				PRODUCT_BUNDLE_IDENTIFIER = jp.renta.Maeda.AntiqueApp;
				PRODUCT_NAME = "$(TARGET_NAME)";
				SWIFT_VERSION = 5.0;
				TARGETED_DEVICE_FAMILY = "1,2";
			};
			name = Release;
		};
/* End XCBuildConfiguration section */

/* Begin XCConfigurationList section */
		37653E3B24C978C600A966F5 /* Build configuration list for PBXProject "AntiqueApp" */ = {
			isa = XCConfigurationList;
			buildConfigurations = (
				37653E5224C978C800A966F5 /* Debug */,
				37653E5324C978C800A966F5 /* Release */,
			);
			defaultConfigurationIsVisible = 0;
			defaultConfigurationName = Release;
		};
		37653E5424C978C800A966F5 /* Build configuration list for PBXNativeTarget "AntiqueApp" */ = {
			isa = XCConfigurationList;
			buildConfigurations = (
				37653E5524C978C800A966F5 /* Debug */,
				37653E5624C978C800A966F5 /* Release */,
			);
			defaultConfigurationIsVisible = 0;
			defaultConfigurationName = Release;
		};
/* End XCConfigurationList section */
	};
	rootObject = 37653E3824C978C600A966F5 /* Project object */;
}
